
Microsoft Visual Studio Solution File, Format Version 12.00
# Visual Studio Version 16
VisualStudioVersion = 16.0.29230.47
MinimumVisualStudioVersion = 10.0.40219.1
Project("{FAE04EC0-301F-11D3-BF4B-00C04F79EFBC}") = "DeadBot", "DeadBot\DeadBot.csproj", "{47B219CF-3749-4CC2-ACDB-22A82EA5955A}"
EndProject
Project("{FAE04EC0-301F-11D3-BF4B-00C04F79EFBC}") = "Deadest_Bot", "Deadest_Bot\Deadest_Bot.csproj", "{7D3AB536-B7CB-4339-9E1E-4922898D2890}"
EndProject
Global
	GlobalSection(SolutionConfigurationPlatforms) = preSolution
		Debug|Any CPU = Debug|Any CPU
		Release|Any CPU = Release|Any CPU
	EndGlobalSection
	GlobalSection(ProjectConfigurationPlatforms) = postSolution
		{47B219CF-3749-4CC2-ACDB-22A82EA5955A}.Debug|Any CPU.ActiveCfg = Debug|Any CPU
		{47B219CF-3749-4CC2-ACDB-22A82EA5955A}.Debug|Any CPU.Build.0 = Debug|Any CPU
		{47B219CF-3749-4CC2-ACDB-22A82EA5955A}.Release|Any CPU.ActiveCfg = Release|Any CPU
		{47B219CF-3749-4CC2-ACDB-22A82EA5955A}.Release|Any CPU.Build.0 = Release|Any CPU
		{7D3AB536-B7CB-4339-9E1E-4922898D2890}.Debug|Any CPU.ActiveCfg = Debug|Any CPU
		{7D3AB536-B7CB-4339-9E1E-4922898D2890}.Debug|Any CPU.Build.0 = Debug|Any CPU
		{7D3AB536-B7CB-4339-9E1E-4922898D2890}.Release|Any CPU.ActiveCfg = Release|Any CPU
		{7D3AB536-B7CB-4339-9E1E-4922898D2890}.Release|Any CPU.Build.0 = Release|Any CPU
	EndGlobalSection
	GlobalSection(SolutionProperties) = preSolution
		HideSolutionNode = FALSE
	EndGlobalSection
	GlobalSection(ExtensibilityGlobals) = postSolution
		SolutionGuid = {BF08F75F-0F77-4D06-A70C-BFB0C39E29A7}
	EndGlobalSection
EndGlobal
